
Microsoft Visual Studio Solution File, Format Version 12.00
# Visual Studio Version 17
VisualStudioVersion = 17.4.33205.214
MinimumVisualStudioVersion = 10.0.40219.1
Project("{9A19103F-16F7-4668-BE54-9A1E7A4F7556}") = "XAFVehicleInspection.Module", "XAFVehicleInspection.Module\XAFVehicleInspection.Module.csproj", "{D916675E-728D-4767-BA0B-FE025B2722E9}"
EndProject
Project("{9A19103F-16F7-4668-BE54-9A1E7A4F7556}") = "XAFVehicleInspection.Blazor.Server", "XAFVehicleInspection.Blazor.Server\XAFVehicleInspection.Blazor.Server.csproj", "{68375C59-A828-4640-A169-3B58B4F40CE3}"
EndProject
Project("{9A19103F-16F7-4668-BE54-9A1E7A4F7556}") = "DXApplication1.Win", "DXApplication1.Win\DXApplication1.Win.csproj", "{38C88FFE-CB20-423A-8DE4-F823ABEAB909}"
EndProject
Global
	GlobalSection(SolutionConfigurationPlatforms) = preSolution
		Debug|Any CPU = Debug|Any CPU
		EasyTest|Any CPU = EasyTest|Any CPU
		Release|Any CPU = Release|Any CPU
	EndGlobalSection
	GlobalSection(ProjectConfigurationPlatforms) = postSolution
		{D916675E-728D-4767-BA0B-FE025B2722E9}.Debug|Any CPU.ActiveCfg = Debug|Any CPU
		{D916675E-728D-4767-BA0B-FE025B2722E9}.Debug|Any CPU.Build.0 = Debug|Any CPU
		{D916675E-728D-4767-BA0B-FE025B2722E9}.EasyTest|Any CPU.ActiveCfg = EasyTest|Any CPU
		{D916675E-728D-4767-BA0B-FE025B2722E9}.EasyTest|Any CPU.Build.0 = EasyTest|Any CPU
		{D916675E-728D-4767-BA0B-FE025B2722E9}.Release|Any CPU.ActiveCfg = Release|Any CPU
		{D916675E-728D-4767-BA0B-FE025B2722E9}.Release|Any CPU.Build.0 = Release|Any CPU
		{68375C59-A828-4640-A169-3B58B4F40CE3}.Debug|Any CPU.ActiveCfg = Debug|Any CPU
		{68375C59-A828-4640-A169-3B58B4F40CE3}.Debug|Any CPU.Build.0 = Debug|Any CPU
		{68375C59-A828-4640-A169-3B58B4F40CE3}.EasyTest|Any CPU.ActiveCfg = EasyTest|Any CPU
		{68375C59-A828-4640-A169-3B58B4F40CE3}.EasyTest|Any CPU.Build.0 = EasyTest|Any CPU
		{68375C59-A828-4640-A169-3B58B4F40CE3}.Release|Any CPU.ActiveCfg = Release|Any CPU
		{68375C59-A828-4640-A169-3B58B4F40CE3}.Release|Any CPU.Build.0 = Release|Any CPU
		{38C88FFE-CB20-423A-8DE4-F823ABEAB909}.Debug|Any CPU.ActiveCfg = Debug|Any CPU
		{38C88FFE-CB20-423A-8DE4-F823ABEAB909}.Debug|Any CPU.Build.0 = Debug|Any CPU
		{38C88FFE-CB20-423A-8DE4-F823ABEAB909}.EasyTest|Any CPU.ActiveCfg = EasyTest|Any CPU
		{38C88FFE-CB20-423A-8DE4-F823ABEAB909}.EasyTest|Any CPU.Build.0 = EasyTest|Any CPU
		{38C88FFE-CB20-423A-8DE4-F823ABEAB909}.Release|Any CPU.ActiveCfg = Release|Any CPU
		{38C88FFE-CB20-423A-8DE4-F823ABEAB909}.Release|Any CPU.Build.0 = Release|Any CPU
	EndGlobalSection
	GlobalSection(SolutionProperties) = preSolution
		HideSolutionNode = FALSE
	EndGlobalSection
	GlobalSection(ExtensibilityGlobals) = postSolution
		SolutionGuid = {1D840A49-CE42-47EE-9F17-2857D0A4EC6D}
	EndGlobalSection
EndGlobal
